// !$*UTF8*$!
{
	archiveVersion = 1;
	classes = {
	};
	objectVersion = 50;
	objects = {

/* Begin PBXBuildFile section */
		954B7B6B2626C5B1003A9656 /* PantryManager.swift in Sources */ = {isa = PBXBuildFile; fileRef = 954B7B6A2626C5B1003A9656 /* PantryManager.swift */; };
		954B7B6F2626C643003A9656 /* PantryManagerViewModel.swift in Sources */ = {isa = PBXBuildFile; fileRef = 954B7B6E2626C643003A9656 /* PantryManagerViewModel.swift */; };
		954B7B722626CCDE003A9656 /* ItemView.swift in Sources */ = {isa = PBXBuildFile; fileRef = 954B7B712626CCDE003A9656 /* ItemView.swift */; };
		95725D9A26261DE300F7DABC /* PantryManagerApp.swift in Sources */ = {isa = PBXBuildFile; fileRef = 95725D9926261DE300F7DABC /* PantryManagerApp.swift */; };
		95725D9C26261DE300F7DABC /* PantryView.swift in Sources */ = {isa = PBXBuildFile; fileRef = 95725D9B26261DE300F7DABC /* PantryView.swift */; };
		95725D9E26261DE500F7DABC /* Assets.xcassets in Resources */ = {isa = PBXBuildFile; fileRef = 95725D9D26261DE500F7DABC /* Assets.xcassets */; };
		95725DA126261DE500F7DABC /* Preview Assets.xcassets in Resources */ = {isa = PBXBuildFile; fileRef = 95725DA026261DE500F7DABC /* Preview Assets.xcassets */; };
		95725DAC262620C000F7DABC /* FoodItem.swift in Sources */ = {isa = PBXBuildFile; fileRef = 95725DAB262620C000F7DABC /* FoodItem.swift */; };
/* End PBXBuildFile section */

/* Begin PBXFileReference section */
		954B7B6A2626C5B1003A9656 /* PantryManager.swift */ = {isa = PBXFileReference; lastKnownFileType = sourcecode.swift; path = PantryManager.swift; sourceTree = "<group>"; };
		954B7B6E2626C643003A9656 /* PantryManagerViewModel.swift */ = {isa = PBXFileReference; lastKnownFileType = sourcecode.swift; path = PantryManagerViewModel.swift; sourceTree = "<group>"; };
		954B7B712626CCDE003A9656 /* ItemView.swift */ = {isa = PBXFileReference; lastKnownFileType = sourcecode.swift; path = ItemView.swift; sourceTree = "<group>"; };
		95725D9626261DE300F7DABC /* PantryManager.app */ = {isa = PBXFileReference; explicitFileType = wrapper.application; includeInIndex = 0; path = PantryManager.app; sourceTree = BUILT_PRODUCTS_DIR; };
		95725D9926261DE300F7DABC /* PantryManagerApp.swift */ = {isa = PBXFileReference; lastKnownFileType = sourcecode.swift; path = PantryManagerApp.swift; sourceTree = "<group>"; };
		95725D9B26261DE300F7DABC /* PantryView.swift */ = {isa = PBXFileReference; lastKnownFileType = sourcecode.swift; path = PantryView.swift; sourceTree = "<group>"; };
		95725D9D26261DE500F7DABC /* Assets.xcassets */ = {isa = PBXFileReference; lastKnownFileType = folder.assetcatalog; path = Assets.xcassets; sourceTree = "<group>"; };
		95725DA026261DE500F7DABC /* Preview Assets.xcassets */ = {isa = PBXFileReference; lastKnownFileType = folder.assetcatalog; path = "Preview Assets.xcassets"; sourceTree = "<group>"; };
		95725DA226261DE500F7DABC /* Info.plist */ = {isa = PBXFileReference; lastKnownFileType = text.plist.xml; path = Info.plist; sourceTree = "<group>"; };
		95725DAB262620C000F7DABC /* FoodItem.swift */ = {isa = PBXFileReference; lastKnownFileType = sourcecode.swift; path = FoodItem.swift; sourceTree = "<group>"; };
/* End PBXFileReference section */

/* Begin PBXFrameworksBuildPhase section */
		95725D9326261DE300F7DABC /* Frameworks */ = {
			isa = PBXFrameworksBuildPhase;
			buildActionMask = 2147483647;
			files = (
			);
			runOnlyForDeploymentPostprocessing = 0;
		};
/* End PBXFrameworksBuildPhase section */

/* Begin PBXGroup section */
		954B7B5F2626C1F2003A9656 /* Enums */ = {
			isa = PBXGroup;
			children = (
			);
			path = Enums;
			sourceTree = "<group>";
		};
		954B7B672626C314003A9656 /* Views */ = {
			isa = PBXGroup;
			children = (
				95725D9B26261DE300F7DABC /* PantryView.swift */,
				954B7B712626CCDE003A9656 /* ItemView.swift */,
			);
			path = Views;
			sourceTree = "<group>";
		};
		954B7B692626C4D0003A9656 /* ViewModels */ = {
			isa = PBXGroup;
			children = (
				954B7B6E2626C643003A9656 /* PantryManagerViewModel.swift */,
			);
			path = ViewModels;
			sourceTree = "<group>";
		};
		95725D8D26261DE300F7DABC = {
			isa = PBXGroup;
			children = (
				95725D9826261DE300F7DABC /* PantryManager */,
				95725D9726261DE300F7DABC /* Products */,
			);
			sourceTree = "<group>";
		};
		95725D9726261DE300F7DABC /* Products */ = {
			isa = PBXGroup;
			children = (
				95725D9626261DE300F7DABC /* PantryManager.app */,
			);
			name = Products;
			sourceTree = "<group>";
		};
		95725D9826261DE300F7DABC /* PantryManager */ = {
			isa = PBXGroup;
			children = (
				954B7B692626C4D0003A9656 /* ViewModels */,
				954B7B5F2626C1F2003A9656 /* Enums */,
				95725DA92626208200F7DABC /* Models */,
				95725D9926261DE300F7DABC /* PantryManagerApp.swift */,
				954B7B672626C314003A9656 /* Views */,
				95725D9D26261DE500F7DABC /* Assets.xcassets */,
				95725DA226261DE500F7DABC /* Info.plist */,
				95725D9F26261DE500F7DABC /* Preview Content */,
			);
			path = PantryManager;
			sourceTree = "<group>";
		};
		95725D9F26261DE500F7DABC /* Preview Content */ = {
			isa = PBXGroup;
			children = (
				95725DA026261DE500F7DABC /* Preview Assets.xcassets */,
			);
			path = "Preview Content";
			sourceTree = "<group>";
		};
		95725DA92626208200F7DABC /* Models */ = {
			isa = PBXGroup;
			children = (
				95725DAB262620C000F7DABC /* FoodItem.swift */,
				954B7B6A2626C5B1003A9656 /* PantryManager.swift */,
			);
			path = Models;
			sourceTree = "<group>";
		};
/* End PBXGroup section */

/* Begin PBXNativeTarget section */
		95725D9526261DE300F7DABC /* PantryManager */ = {
			isa = PBXNativeTarget;
			buildConfigurationList = 95725DA526261DE500F7DABC /* Build configuration list for PBXNativeTarget "PantryManager" */;
			buildPhases = (
				95725D9226261DE300F7DABC /* Sources */,
				95725D9326261DE300F7DABC /* Frameworks */,
				95725D9426261DE300F7DABC /* Resources */,
			);
			buildRules = (
			);
			dependencies = (
			);
			name = PantryManager;
			productName = PantryManager;
			productReference = 95725D9626261DE300F7DABC /* PantryManager.app */;
			productType = "com.apple.product-type.application";
		};
/* End PBXNativeTarget section */

/* Begin PBXProject section */
		95725D8E26261DE300F7DABC /* Project object */ = {
			isa = PBXProject;
			attributes = {
				LastSwiftUpdateCheck = 1240;
				LastUpgradeCheck = 1240;
				TargetAttributes = {
					95725D9526261DE300F7DABC = {
						CreatedOnToolsVersion = 12.4;
					};
				};
			};
			buildConfigurationList = 95725D9126261DE300F7DABC /* Build configuration list for PBXProject "PantryManager" */;
			compatibilityVersion = "Xcode 9.3";
			developmentRegion = en;
			hasScannedForEncodings = 0;
			knownRegions = (
				en,
				Base,
			);
			mainGroup = 95725D8D26261DE300F7DABC;
			productRefGroup = 95725D9726261DE300F7DABC /* Products */;
			projectDirPath = "";
			projectRoot = "";
			targets = (
				95725D9526261DE300F7DABC /* PantryManager */,
			);
		};
/* End PBXProject section */

/* Begin PBXResourcesBuildPhase section */
		95725D9426261DE300F7DABC /* Resources */ = {
			isa = PBXResourcesBuildPhase;
			buildActionMask = 2147483647;
			files = (
				95725DA126261DE500F7DABC /* Preview Assets.xcassets in Resources */,
				95725D9E26261DE500F7DABC /* Assets.xcassets in Resources */,
			);
			runOnlyForDeploymentPostprocessing = 0;
		};
/* End PBXResourcesBuildPhase section */

/* Begin PBXSourcesBuildPhase section */
		95725D9226261DE300F7DABC /* Sources */ = {
			isa = PBXSourcesBuildPhase;
			buildActionMask = 2147483647;
			files = (
				954B7B6F2626C643003A9656 /* PantryManagerViewModel.swift in Sources */,
				954B7B722626CCDE003A9656 /* ItemView.swift in Sources */,
				95725D9C26261DE300F7DABC /* PantryView.swift in Sources */,
				95725DAC262620C000F7DABC /* FoodItem.swift in Sources */,
				95725D9A26261DE300F7DABC /* PantryManagerApp.swift in Sources */,
				954B7B6B2626C5B1003A9656 /* PantryManager.swift in Sources */,
			);
			runOnlyForDeploymentPostprocessing = 0;
		};
/* End PBXSourcesBuildPhase section */

/* Begin XCBuildConfiguration section */
		95725DA326261DE500F7DABC /* Debug */ = {
			isa = XCBuildConfiguration;
			buildSettings = {
				ALWAYS_SEARCH_USER_PATHS = NO;
				CLANG_ANALYZER_NONNULL = YES;
				CLANG_ANALYZER_NUMBER_OBJECT_CONVERSION = YES_AGGRESSIVE;
				CLANG_CXX_LANGUAGE_STANDARD = "gnu++14";
				CLANG_CXX_LIBRARY = "libc++";
				CLANG_ENABLE_MODULES = YES;
				CLANG_ENABLE_OBJC_ARC = YES;
				CLANG_ENABLE_OBJC_WEAK = YES;
				CLANG_WARN_BLOCK_CAPTURE_AUTORELEASING = YES;
				CLANG_WARN_BOOL_CONVERSION = YES;
				CLANG_WARN_COMMA = YES;
				CLANG_WARN_CONSTANT_CONVERSION = YES;
				CLANG_WARN_DEPRECATED_OBJC_IMPLEMENTATIONS = YES;
				CLANG_WARN_DIRECT_OBJC_ISA_USAGE = YES_ERROR;
				CLANG_WARN_DOCUMENTATION_COMMENTS = YES;
				CLANG_WARN_EMPTY_BODY = YES;
				CLANG_WARN_ENUM_CONVERSION = YES;
				CLANG_WARN_INFINITE_RECURSION = YES;
				CLANG_WARN_INT_CONVERSION = YES;
				CLANG_WARN_NON_LITERAL_NULL_CONVERSION = YES;
				CLANG_WARN_OBJC_IMPLICIT_RETAIN_SELF = YES;
				CLANG_WARN_OBJC_LITERAL_CONVERSION = YES;
				CLANG_WARN_OBJC_ROOT_CLASS = YES_ERROR;
				CLANG_WARN_QUOTED_INCLUDE_IN_FRAMEWORK_HEADER = YES;
				CLANG_WARN_RANGE_LOOP_ANALYSIS = YES;
				CLANG_WARN_STRICT_PROTOTYPES = YES;
				CLANG_WARN_SUSPICIOUS_MOVE = YES;
				CLANG_WARN_UNGUARDED_AVAILABILITY = YES_AGGRESSIVE;
				CLANG_WARN_UNREACHABLE_CODE = YES;
				CLANG_WARN__DUPLICATE_METHOD_MATCH = YES;
				COPY_PHASE_STRIP = NO;
				DEBUG_INFORMATION_FORMAT = dwarf;
				ENABLE_STRICT_OBJC_MSGSEND = YES;
				ENABLE_TESTABILITY = YES;
				GCC_C_LANGUAGE_STANDARD = gnu11;
				GCC_DYNAMIC_NO_PIC = NO;
				GCC_NO_COMMON_BLOCKS = YES;
				GCC_OPTIMIZATION_LEVEL = 0;
				GCC_PREPROCESSOR_DEFINITIONS = (
					"DEBUG=1",
					"$(inherited)",
				);
				GCC_WARN_64_TO_32_BIT_CONVERSION = YES;
				GCC_WARN_ABOUT_RETURN_TYPE = YES_ERROR;
				GCC_WARN_UNDECLARED_SELECTOR = YES;
				GCC_WARN_UNINITIALIZED_AUTOS = YES_AGGRESSIVE;
				GCC_WARN_UNUSED_FUNCTION = YES;
				GCC_WARN_UNUSED_VARIABLE = YES;
				IPHONEOS_DEPLOYMENT_TARGET = 14.4;
				MTL_ENABLE_DEBUG_INFO = INCLUDE_SOURCE;
				MTL_FAST_MATH = YES;
				ONLY_ACTIVE_ARCH = YES;
				SDKROOT = iphoneos;
				SWIFT_ACTIVE_COMPILATION_CONDITIONS = DEBUG;
				SWIFT_OPTIMIZATION_LEVEL = "-Onone";
			};
			name = Debug;
		};
		95725DA426261DE500F7DABC /* Release */ = {
			isa = XCBuildConfiguration;
			buildSettings = {
				ALWAYS_SEARCH_USER_PATHS = NO;
				CLANG_ANALYZER_NONNULL = YES;
				CLANG_ANALYZER_NUMBER_OBJECT_CONVERSION = YES_AGGRESSIVE;
				CLANG_CXX_LANGUAGE_STANDARD = "gnu++14";
				CLANG_CXX_LIBRARY = "libc++";
				CLANG_ENABLE_MODULES = YES;
				CLANG_ENABLE_OBJC_ARC = YES;
				CLANG_ENABLE_OBJC_WEAK = YES;
				CLANG_WARN_BLOCK_CAPTURE_AUTORELEASING = YES;
				CLANG_WARN_BOOL_CONVERSION = YES;
				CLANG_WARN_COMMA = YES;
				CLANG_WARN_CONSTANT_CONVERSION = YES;
				CLANG_WARN_DEPRECATED_OBJC_IMPLEMENTATIONS = YES;
				CLANG_WARN_DIRECT_OBJC_ISA_USAGE = YES_ERROR;
				CLANG_WARN_DOCUMENTATION_COMMENTS = YES;
				CLANG_WARN_EMPTY_BODY = YES;
				CLANG_WARN_ENUM_CONVERSION = YES;
				CLANG_WARN_INFINITE_RECURSION = YES;
				CLANG_WARN_INT_CONVERSION = YES;
				CLANG_WARN_NON_LITERAL_NULL_CONVERSION = YES;
				CLANG_WARN_OBJC_IMPLICIT_RETAIN_SELF = YES;
				CLANG_WARN_OBJC_LITERAL_CONVERSION = YES;
				CLANG_WARN_OBJC_ROOT_CLASS = YES_ERROR;
				CLANG_WARN_QUOTED_INCLUDE_IN_FRAMEWORK_HEADER = YES;
				CLANG_WARN_RANGE_LOOP_ANALYSIS = YES;
				CLANG_WARN_STRICT_PROTOTYPES = YES;
				CLANG_WARN_SUSPICIOUS_MOVE = YES;
				CLANG_WARN_UNGUARDED_AVAILABILITY = YES_AGGRESSIVE;
				CLANG_WARN_UNREACHABLE_CODE = YES;
				CLANG_WARN__DUPLICATE_METHOD_MATCH = YES;
				COPY_PHASE_STRIP = NO;
				DEBUG_INFORMATION_FORMAT = "dwarf-with-dsym";
				ENABLE_NS_ASSERTIONS = NO;
				ENABLE_STRICT_OBJC_MSGSEND = YES;
				GCC_C_LANGUAGE_STANDARD = gnu11;
				GCC_NO_COMMON_BLOCKS = YES;
				GCC_WARN_64_TO_32_BIT_CONVERSION = YES;
				GCC_WARN_ABOUT_RETURN_TYPE = YES_ERROR;
				GCC_WARN_UNDECLARED_SELECTOR = YES;
				GCC_WARN_UNINITIALIZED_AUTOS = YES_AGGRESSIVE;
				GCC_WARN_UNUSED_FUNCTION = YES;
				GCC_WARN_UNUSED_VARIABLE = YES;
				IPHONEOS_DEPLOYMENT_TARGET = 14.4;
				MTL_ENABLE_DEBUG_INFO = NO;
				MTL_FAST_MATH = YES;
				SDKROOT = iphoneos;
				SWIFT_COMPILATION_MODE = wholemodule;
				SWIFT_OPTIMIZATION_LEVEL = "-O";
				VALIDATE_PRODUCT = YES;
			};
			name = Release;
		};
		95725DA626261DE500F7DABC /* Debug */ = {
			isa = XCBuildConfiguration;
			buildSettings = {
				ASSETCATALOG_COMPILER_APPICON_NAME = AppIcon;
				ASSETCATALOG_COMPILER_GLOBAL_ACCENT_COLOR_NAME = AccentColor;
				CODE_SIGN_STYLE = Automatic;
				DEVELOPMENT_ASSET_PATHS = "\"PantryManager/Preview Content\"";
				DEVELOPMENT_TEAM = 32DR4Q2NF7;
				ENABLE_PREVIEWS = YES;
				INFOPLIST_FILE = PantryManager/Info.plist;
				IPHONEOS_DEPLOYMENT_TARGET = 14.0;
				LD_RUNPATH_SEARCH_PATHS = (
					"$(inherited)",
					"@executable_path/Frameworks",
				);
				PRODUCT_BUNDLE_IDENTIFIER = com.davideandreoli.PantryManager;
				PRODUCT_NAME = "$(TARGET_NAME)";
				SWIFT_VERSION = 5.0;
				TARGETED_DEVICE_FAMILY = "1,2";
			};
			name = Debug;
		};
		95725DA726261DE500F7DABC /* Release */ = {
			isa = XCBuildConfiguration;
			buildSettings = {
				ASSETCATALOG_COMPILER_APPICON_NAME = AppIcon;
				ASSETCATALOG_COMPILER_GLOBAL_ACCENT_COLOR_NAME = AccentColor;
				CODE_SIGN_STYLE = Automatic;
				DEVELOPMENT_ASSET_PATHS = "\"PantryManager/Preview Content\"";
				DEVELOPMENT_TEAM = 32DR4Q2NF7;
				ENABLE_PREVIEWS = YES;
				INFOPLIST_FILE = PantryManager/Info.plist;
				IPHONEOS_DEPLOYMENT_TARGET = 14.0;
				LD_RUNPATH_SEARCH_PATHS = (
					"$(inherited)",
					"@executable_path/Frameworks",
				);
				PRODUCT_BUNDLE_IDENTIFIER = com.davideandreoli.PantryManager;
				PRODUCT_NAME = "$(TARGET_NAME)";
				SWIFT_VERSION = 5.0;
				TARGETED_DEVICE_FAMILY = "1,2";
			};
			name = Release;
		};
/* End XCBuildConfiguration section */

/* Begin XCConfigurationList section */
		95725D9126261DE300F7DABC /* Build configuration list for PBXProject "PantryManager" */ = {
			isa = XCConfigurationList;
			buildConfigurations = (
				95725DA326261DE500F7DABC /* Debug */,
				95725DA426261DE500F7DABC /* Release */,
			);
			defaultConfigurationIsVisible = 0;
			defaultConfigurationName = Release;
		};
		95725DA526261DE500F7DABC /* Build configuration list for PBXNativeTarget "PantryManager" */ = {
			isa = XCConfigurationList;
			buildConfigurations = (
				95725DA626261DE500F7DABC /* Debug */,
				95725DA726261DE500F7DABC /* Release */,
			);
			defaultConfigurationIsVisible = 0;
			defaultConfigurationName = Release;
		};
/* End XCConfigurationList section */
	};
	rootObject = 95725D8E26261DE300F7DABC /* Project object */;
}
